
Microsoft Visual Studio Solution File, Format Version 12.00
# Visual Studio Version 16
VisualStudioVersion = 16.0.30907.101
MinimumVisualStudioVersion = 10.0.40219.1
Project("{9A19103F-16F7-4668-BE54-9A1E7A4F7556}") = "PokolokoShop_3Layers", "PokolokoShop_3Layers\PokolokoShop_3Layers.csproj", "{5D02515E-85DD-4CC0-A417-1AC3D3216465}"
EndProject
Project("{9A19103F-16F7-4668-BE54-9A1E7A4F7556}") = "Logic", "Logic\Logic.csproj", "{63B649E2-2907-4227-B6E1-504F958BADDC}"
EndProject
Project("{9A19103F-16F7-4668-BE54-9A1E7A4F7556}") = "Repository", "Repository\Repository.csproj", "{2A53A87E-58DC-4D57-BE62-AC8795C41308}"
EndProject
Project("{9A19103F-16F7-4668-BE54-9A1E7A4F7556}") = "PokolokoShop_User", "PokolokoShop_User\PokolokoShop_User.csproj", "{4EC33222-E031-4B9B-BB2B-95541E0EC474}"
EndProject
Project("{9A19103F-16F7-4668-BE54-9A1E7A4F7556}") = "User_Prototype", "User_Prototype\User_Prototype.csproj", "{94F20E3B-D061-4C1F-86A9-3EAEE3A44DD2}"
EndProject
Project("{9A19103F-16F7-4668-BE54-9A1E7A4F7556}") = "PokolokoShopUserApp", "PokolokoShopUserApp\PokolokoShopUserApp.csproj", "{62776E0E-499F-4F50-BDDC-15A176E01B29}"
EndProject
Global
	GlobalSection(SolutionConfigurationPlatforms) = preSolution
		Debug|Any CPU = Debug|Any CPU
		Release|Any CPU = Release|Any CPU
	EndGlobalSection
	GlobalSection(ProjectConfigurationPlatforms) = postSolution
		{5D02515E-85DD-4CC0-A417-1AC3D3216465}.Debug|Any CPU.ActiveCfg = Debug|Any CPU
		{5D02515E-85DD-4CC0-A417-1AC3D3216465}.Debug|Any CPU.Build.0 = Debug|Any CPU
		{5D02515E-85DD-4CC0-A417-1AC3D3216465}.Release|Any CPU.ActiveCfg = Release|Any CPU
		{5D02515E-85DD-4CC0-A417-1AC3D3216465}.Release|Any CPU.Build.0 = Release|Any CPU
		{63B649E2-2907-4227-B6E1-504F958BADDC}.Debug|Any CPU.ActiveCfg = Debug|Any CPU
		{63B649E2-2907-4227-B6E1-504F958BADDC}.Debug|Any CPU.Build.0 = Debug|Any CPU
		{63B649E2-2907-4227-B6E1-504F958BADDC}.Release|Any CPU.ActiveCfg = Release|Any CPU
		{63B649E2-2907-4227-B6E1-504F958BADDC}.Release|Any CPU.Build.0 = Release|Any CPU
		{2A53A87E-58DC-4D57-BE62-AC8795C41308}.Debug|Any CPU.ActiveCfg = Debug|Any CPU
		{2A53A87E-58DC-4D57-BE62-AC8795C41308}.Debug|Any CPU.Build.0 = Debug|Any CPU
		{2A53A87E-58DC-4D57-BE62-AC8795C41308}.Release|Any CPU.ActiveCfg = Release|Any CPU
		{2A53A87E-58DC-4D57-BE62-AC8795C41308}.Release|Any CPU.Build.0 = Release|Any CPU
		{4EC33222-E031-4B9B-BB2B-95541E0EC474}.Debug|Any CPU.ActiveCfg = Debug|Any CPU
		{4EC33222-E031-4B9B-BB2B-95541E0EC474}.Debug|Any CPU.Build.0 = Debug|Any CPU
		{4EC33222-E031-4B9B-BB2B-95541E0EC474}.Release|Any CPU.ActiveCfg = Release|Any CPU
		{4EC33222-E031-4B9B-BB2B-95541E0EC474}.Release|Any CPU.Build.0 = Release|Any CPU
		{94F20E3B-D061-4C1F-86A9-3EAEE3A44DD2}.Debug|Any CPU.ActiveCfg = Debug|Any CPU
		{94F20E3B-D061-4C1F-86A9-3EAEE3A44DD2}.Debug|Any CPU.Build.0 = Debug|Any CPU
		{94F20E3B-D061-4C1F-86A9-3EAEE3A44DD2}.Release|Any CPU.ActiveCfg = Release|Any CPU
		{94F20E3B-D061-4C1F-86A9-3EAEE3A44DD2}.Release|Any CPU.Build.0 = Release|Any CPU
		{62776E0E-499F-4F50-BDDC-15A176E01B29}.Debug|Any CPU.ActiveCfg = Debug|Any CPU
		{62776E0E-499F-4F50-BDDC-15A176E01B29}.Debug|Any CPU.Build.0 = Debug|Any CPU
		{62776E0E-499F-4F50-BDDC-15A176E01B29}.Release|Any CPU.ActiveCfg = Release|Any CPU
		{62776E0E-499F-4F50-BDDC-15A176E01B29}.Release|Any CPU.Build.0 = Release|Any CPU
	EndGlobalSection
	GlobalSection(SolutionProperties) = preSolution
		HideSolutionNode = FALSE
	EndGlobalSection
	GlobalSection(ExtensibilityGlobals) = postSolution
		SolutionGuid = {895205FC-A828-4E30-B67E-13919FF77FD1}
	EndGlobalSection
EndGlobal
